// !$*UTF8*$!
{
	archiveVersion = 1;
	classes = {
	};
	objectVersion = 56;
	objects = {

/* Begin PBXBuildFile section */
		62CA1A0B2AB903B80084F98C /* ARAM_StatsApp.swift in Sources */ = {isa = PBXBuildFile; fileRef = 62CA1A0A2AB903B80084F98C /* ARAM_StatsApp.swift */; };
		62CA1A0D2AB903B80084F98C /* ContentView.swift in Sources */ = {isa = PBXBuildFile; fileRef = 62CA1A0C2AB903B80084F98C /* ContentView.swift */; };
		62CA1A0F2AB903BA0084F98C /* Assets.xcassets in Resources */ = {isa = PBXBuildFile; fileRef = 62CA1A0E2AB903BA0084F98C /* Assets.xcassets */; };
		62CA1A122AB903BA0084F98C /* Preview Assets.xcassets in Resources */ = {isa = PBXBuildFile; fileRef = 62CA1A112AB903BA0084F98C /* Preview Assets.xcassets */; };
		62CA1A142AB903BA0084F98C /* Persistence.swift in Sources */ = {isa = PBXBuildFile; fileRef = 62CA1A132AB903BA0084F98C /* Persistence.swift */; };
		62CA1A172AB903BA0084F98C /* ARAM_Stats.xcdatamodeld in Sources */ = {isa = PBXBuildFile; fileRef = 62CA1A152AB903BA0084F98C /* ARAM_Stats.xcdatamodeld */; };
		62CA1A212AB903BA0084F98C /* ARAM_StatsTests.swift in Sources */ = {isa = PBXBuildFile; fileRef = 62CA1A202AB903BA0084F98C /* ARAM_StatsTests.swift */; };
		62CA1A2B2AB903BA0084F98C /* ARAM_StatsUITests.swift in Sources */ = {isa = PBXBuildFile; fileRef = 62CA1A2A2AB903BA0084F98C /* ARAM_StatsUITests.swift */; };
		62CA1A2D2AB903BA0084F98C /* ARAM_StatsUITestsLaunchTests.swift in Sources */ = {isa = PBXBuildFile; fileRef = 62CA1A2C2AB903BA0084F98C /* ARAM_StatsUITestsLaunchTests.swift */; };
/* End PBXBuildFile section */

/* Begin PBXContainerItemProxy section */
		62CA1A1D2AB903BA0084F98C /* PBXContainerItemProxy */ = {
			isa = PBXContainerItemProxy;
			containerPortal = 62CA19FF2AB903B70084F98C /* Project object */;
			proxyType = 1;
			remoteGlobalIDString = 62CA1A062AB903B70084F98C;
			remoteInfo = "ARAM-Stats";
		};
		62CA1A272AB903BA0084F98C /* PBXContainerItemProxy */ = {
			isa = PBXContainerItemProxy;
			containerPortal = 62CA19FF2AB903B70084F98C /* Project object */;
			proxyType = 1;
			remoteGlobalIDString = 62CA1A062AB903B70084F98C;
			remoteInfo = "ARAM-Stats";
		};
/* End PBXContainerItemProxy section */

/* Begin PBXFileReference section */
		62CA1A072AB903B80084F98C /* ARAM-Stats.app */ = {isa = PBXFileReference; explicitFileType = wrapper.application; includeInIndex = 0; path = "ARAM-Stats.app"; sourceTree = BUILT_PRODUCTS_DIR; };
		62CA1A0A2AB903B80084F98C /* ARAM_StatsApp.swift */ = {isa = PBXFileReference; lastKnownFileType = sourcecode.swift; path = ARAM_StatsApp.swift; sourceTree = "<group>"; };
		62CA1A0C2AB903B80084F98C /* ContentView.swift */ = {isa = PBXFileReference; lastKnownFileType = sourcecode.swift; path = ContentView.swift; sourceTree = "<group>"; };
		62CA1A0E2AB903BA0084F98C /* Assets.xcassets */ = {isa = PBXFileReference; lastKnownFileType = folder.assetcatalog; path = Assets.xcassets; sourceTree = "<group>"; };
		62CA1A112AB903BA0084F98C /* Preview Assets.xcassets */ = {isa = PBXFileReference; lastKnownFileType = folder.assetcatalog; path = "Preview Assets.xcassets"; sourceTree = "<group>"; };
		62CA1A132AB903BA0084F98C /* Persistence.swift */ = {isa = PBXFileReference; lastKnownFileType = sourcecode.swift; path = Persistence.swift; sourceTree = "<group>"; };
		62CA1A162AB903BA0084F98C /* ARAM_Stats.xcdatamodel */ = {isa = PBXFileReference; lastKnownFileType = wrapper.xcdatamodel; path = ARAM_Stats.xcdatamodel; sourceTree = "<group>"; };
		62CA1A1C2AB903BA0084F98C /* ARAM-StatsTests.xctest */ = {isa = PBXFileReference; explicitFileType = wrapper.cfbundle; includeInIndex = 0; path = "ARAM-StatsTests.xctest"; sourceTree = BUILT_PRODUCTS_DIR; };
		62CA1A202AB903BA0084F98C /* ARAM_StatsTests.swift */ = {isa = PBXFileReference; lastKnownFileType = sourcecode.swift; path = ARAM_StatsTests.swift; sourceTree = "<group>"; };
		62CA1A262AB903BA0084F98C /* ARAM-StatsUITests.xctest */ = {isa = PBXFileReference; explicitFileType = wrapper.cfbundle; includeInIndex = 0; path = "ARAM-StatsUITests.xctest"; sourceTree = BUILT_PRODUCTS_DIR; };
		62CA1A2A2AB903BA0084F98C /* ARAM_StatsUITests.swift */ = {isa = PBXFileReference; lastKnownFileType = sourcecode.swift; path = ARAM_StatsUITests.swift; sourceTree = "<group>"; };
		62CA1A2C2AB903BA0084F98C /* ARAM_StatsUITestsLaunchTests.swift */ = {isa = PBXFileReference; lastKnownFileType = sourcecode.swift; path = ARAM_StatsUITestsLaunchTests.swift; sourceTree = "<group>"; };
/* End PBXFileReference section */

/* Begin PBXFrameworksBuildPhase section */
		62CA1A042AB903B70084F98C /* Frameworks */ = {
			isa = PBXFrameworksBuildPhase;
			buildActionMask = 2147483647;
			files = (
			);
			runOnlyForDeploymentPostprocessing = 0;
		};
		62CA1A192AB903BA0084F98C /* Frameworks */ = {
			isa = PBXFrameworksBuildPhase;
			buildActionMask = 2147483647;
			files = (
			);
			runOnlyForDeploymentPostprocessing = 0;
		};
		62CA1A232AB903BA0084F98C /* Frameworks */ = {
			isa = PBXFrameworksBuildPhase;
			buildActionMask = 2147483647;
			files = (
			);
			runOnlyForDeploymentPostprocessing = 0;
		};
/* End PBXFrameworksBuildPhase section */

/* Begin PBXGroup section */
		62CA19FE2AB903B70084F98C = {
			isa = PBXGroup;
			children = (
				62CA1A092AB903B80084F98C /* ARAM-Stats */,
				62CA1A1F2AB903BA0084F98C /* ARAM-StatsTests */,
				62CA1A292AB903BA0084F98C /* ARAM-StatsUITests */,
				62CA1A082AB903B80084F98C /* Products */,
			);
			sourceTree = "<group>";
		};
		62CA1A082AB903B80084F98C /* Products */ = {
			isa = PBXGroup;
			children = (
				62CA1A072AB903B80084F98C /* ARAM-Stats.app */,
				62CA1A1C2AB903BA0084F98C /* ARAM-StatsTests.xctest */,
				62CA1A262AB903BA0084F98C /* ARAM-StatsUITests.xctest */,
			);
			name = Products;
			sourceTree = "<group>";
		};
		62CA1A092AB903B80084F98C /* ARAM-Stats */ = {
			isa = PBXGroup;
			children = (
				62CA1A0A2AB903B80084F98C /* ARAM_StatsApp.swift */,
				62CA1A0C2AB903B80084F98C /* ContentView.swift */,
				62CA1A0E2AB903BA0084F98C /* Assets.xcassets */,
				62CA1A132AB903BA0084F98C /* Persistence.swift */,
				62CA1A152AB903BA0084F98C /* ARAM_Stats.xcdatamodeld */,
				62CA1A102AB903BA0084F98C /* Preview Content */,
			);
			path = "ARAM-Stats";
			sourceTree = "<group>";
		};
		62CA1A102AB903BA0084F98C /* Preview Content */ = {
			isa = PBXGroup;
			children = (
				62CA1A112AB903BA0084F98C /* Preview Assets.xcassets */,
			);
			path = "Preview Content";
			sourceTree = "<group>";
		};
		62CA1A1F2AB903BA0084F98C /* ARAM-StatsTests */ = {
			isa = PBXGroup;
			children = (
				62CA1A202AB903BA0084F98C /* ARAM_StatsTests.swift */,
			);
			path = "ARAM-StatsTests";
			sourceTree = "<group>";
		};
		62CA1A292AB903BA0084F98C /* ARAM-StatsUITests */ = {
			isa = PBXGroup;
			children = (
				62CA1A2A2AB903BA0084F98C /* ARAM_StatsUITests.swift */,
				62CA1A2C2AB903BA0084F98C /* ARAM_StatsUITestsLaunchTests.swift */,
			);
			path = "ARAM-StatsUITests";
			sourceTree = "<group>";
		};
/* End PBXGroup section */

/* Begin PBXNativeTarget section */
		62CA1A062AB903B70084F98C /* ARAM-Stats */ = {
			isa = PBXNativeTarget;
			buildConfigurationList = 62CA1A302AB903BA0084F98C /* Build configuration list for PBXNativeTarget "ARAM-Stats" */;
			buildPhases = (
				62CA1A032AB903B70084F98C /* Sources */,
				62CA1A042AB903B70084F98C /* Frameworks */,
				62CA1A052AB903B70084F98C /* Resources */,
			);
			buildRules = (
			);
			dependencies = (
			);
			name = "ARAM-Stats";
			productName = "ARAM-Stats";
			productReference = 62CA1A072AB903B80084F98C /* ARAM-Stats.app */;
			productType = "com.apple.product-type.application";
		};
		62CA1A1B2AB903BA0084F98C /* ARAM-StatsTests */ = {
			isa = PBXNativeTarget;
			buildConfigurationList = 62CA1A332AB903BA0084F98C /* Build configuration list for PBXNativeTarget "ARAM-StatsTests" */;
			buildPhases = (
				62CA1A182AB903BA0084F98C /* Sources */,
				62CA1A192AB903BA0084F98C /* Frameworks */,
				62CA1A1A2AB903BA0084F98C /* Resources */,
			);
			buildRules = (
			);
			dependencies = (
				62CA1A1E2AB903BA0084F98C /* PBXTargetDependency */,
			);
			name = "ARAM-StatsTests";
			productName = "ARAM-StatsTests";
			productReference = 62CA1A1C2AB903BA0084F98C /* ARAM-StatsTests.xctest */;
			productType = "com.apple.product-type.bundle.unit-test";
		};
		62CA1A252AB903BA0084F98C /* ARAM-StatsUITests */ = {
			isa = PBXNativeTarget;
			buildConfigurationList = 62CA1A362AB903BA0084F98C /* Build configuration list for PBXNativeTarget "ARAM-StatsUITests" */;
			buildPhases = (
				62CA1A222AB903BA0084F98C /* Sources */,
				62CA1A232AB903BA0084F98C /* Frameworks */,
				62CA1A242AB903BA0084F98C /* Resources */,
			);
			buildRules = (
			);
			dependencies = (
				62CA1A282AB903BA0084F98C /* PBXTargetDependency */,
			);
			name = "ARAM-StatsUITests";
			productName = "ARAM-StatsUITests";
			productReference = 62CA1A262AB903BA0084F98C /* ARAM-StatsUITests.xctest */;
			productType = "com.apple.product-type.bundle.ui-testing";
		};
/* End PBXNativeTarget section */

/* Begin PBXProject section */
		62CA19FF2AB903B70084F98C /* Project object */ = {
			isa = PBXProject;
			attributes = {
				BuildIndependentTargetsInParallel = 1;
				LastSwiftUpdateCheck = 1430;
				LastUpgradeCheck = 1430;
				TargetAttributes = {
					62CA1A062AB903B70084F98C = {
						CreatedOnToolsVersion = 14.3.1;
					};
					62CA1A1B2AB903BA0084F98C = {
						CreatedOnToolsVersion = 14.3.1;
						TestTargetID = 62CA1A062AB903B70084F98C;
					};
					62CA1A252AB903BA0084F98C = {
						CreatedOnToolsVersion = 14.3.1;
						TestTargetID = 62CA1A062AB903B70084F98C;
					};
				};
			};
			buildConfigurationList = 62CA1A022AB903B70084F98C /* Build configuration list for PBXProject "ARAM-Stats" */;
			compatibilityVersion = "Xcode 14.0";
			developmentRegion = en;
			hasScannedForEncodings = 0;
			knownRegions = (
				en,
				Base,
			);
			mainGroup = 62CA19FE2AB903B70084F98C;
			productRefGroup = 62CA1A082AB903B80084F98C /* Products */;
			projectDirPath = "";
			projectRoot = "";
			targets = (
				62CA1A062AB903B70084F98C /* ARAM-Stats */,
				62CA1A1B2AB903BA0084F98C /* ARAM-StatsTests */,
				62CA1A252AB903BA0084F98C /* ARAM-StatsUITests */,
			);
		};
/* End PBXProject section */

/* Begin PBXResourcesBuildPhase section */
		62CA1A052AB903B70084F98C /* Resources */ = {
			isa = PBXResourcesBuildPhase;
			buildActionMask = 2147483647;
			files = (
				62CA1A122AB903BA0084F98C /* Preview Assets.xcassets in Resources */,
				62CA1A0F2AB903BA0084F98C /* Assets.xcassets in Resources */,
			);
			runOnlyForDeploymentPostprocessing = 0;
		};
		62CA1A1A2AB903BA0084F98C /* Resources */ = {
			isa = PBXResourcesBuildPhase;
			buildActionMask = 2147483647;
			files = (
			);
			runOnlyForDeploymentPostprocessing = 0;
		};
		62CA1A242AB903BA0084F98C /* Resources */ = {
			isa = PBXResourcesBuildPhase;
			buildActionMask = 2147483647;
			files = (
			);
			runOnlyForDeploymentPostprocessing = 0;
		};
/* End PBXResourcesBuildPhase section */

/* Begin PBXSourcesBuildPhase section */
		62CA1A032AB903B70084F98C /* Sources */ = {
			isa = PBXSourcesBuildPhase;
			buildActionMask = 2147483647;
			files = (
				62CA1A142AB903BA0084F98C /* Persistence.swift in Sources */,
				62CA1A0D2AB903B80084F98C /* ContentView.swift in Sources */,
				62CA1A172AB903BA0084F98C /* ARAM_Stats.xcdatamodeld in Sources */,
				62CA1A0B2AB903B80084F98C /* ARAM_StatsApp.swift in Sources */,
			);
			runOnlyForDeploymentPostprocessing = 0;
		};
		62CA1A182AB903BA0084F98C /* Sources */ = {
			isa = PBXSourcesBuildPhase;
			buildActionMask = 2147483647;
			files = (
				62CA1A212AB903BA0084F98C /* ARAM_StatsTests.swift in Sources */,
			);
			runOnlyForDeploymentPostprocessing = 0;
		};
		62CA1A222AB903BA0084F98C /* Sources */ = {
			isa = PBXSourcesBuildPhase;
			buildActionMask = 2147483647;
			files = (
				62CA1A2B2AB903BA0084F98C /* ARAM_StatsUITests.swift in Sources */,
				62CA1A2D2AB903BA0084F98C /* ARAM_StatsUITestsLaunchTests.swift in Sources */,
			);
			runOnlyForDeploymentPostprocessing = 0;
		};
/* End PBXSourcesBuildPhase section */

/* Begin PBXTargetDependency section */
		62CA1A1E2AB903BA0084F98C /* PBXTargetDependency */ = {
			isa = PBXTargetDependency;
			target = 62CA1A062AB903B70084F98C /* ARAM-Stats */;
			targetProxy = 62CA1A1D2AB903BA0084F98C /* PBXContainerItemProxy */;
		};
		62CA1A282AB903BA0084F98C /* PBXTargetDependency */ = {
			isa = PBXTargetDependency;
			target = 62CA1A062AB903B70084F98C /* ARAM-Stats */;
			targetProxy = 62CA1A272AB903BA0084F98C /* PBXContainerItemProxy */;
		};
/* End PBXTargetDependency section */

/* Begin XCBuildConfiguration section */
		62CA1A2E2AB903BA0084F98C /* Debug */ = {
			isa = XCBuildConfiguration;
			buildSettings = {
				ALWAYS_SEARCH_USER_PATHS = NO;
				CLANG_ANALYZER_NONNULL = YES;
				CLANG_ANALYZER_NUMBER_OBJECT_CONVERSION = YES_AGGRESSIVE;
				CLANG_CXX_LANGUAGE_STANDARD = "gnu++20";
				CLANG_ENABLE_MODULES = YES;
				CLANG_ENABLE_OBJC_ARC = YES;
				CLANG_ENABLE_OBJC_WEAK = YES;
				CLANG_WARN_BLOCK_CAPTURE_AUTORELEASING = YES;
				CLANG_WARN_BOOL_CONVERSION = YES;
				CLANG_WARN_COMMA = YES;
				CLANG_WARN_CONSTANT_CONVERSION = YES;
				CLANG_WARN_DEPRECATED_OBJC_IMPLEMENTATIONS = YES;
				CLANG_WARN_DIRECT_OBJC_ISA_USAGE = YES_ERROR;
				CLANG_WARN_DOCUMENTATION_COMMENTS = YES;
				CLANG_WARN_EMPTY_BODY = YES;
				CLANG_WARN_ENUM_CONVERSION = YES;
				CLANG_WARN_INFINITE_RECURSION = YES;
				CLANG_WARN_INT_CONVERSION = YES;
				CLANG_WARN_NON_LITERAL_NULL_CONVERSION = YES;
				CLANG_WARN_OBJC_IMPLICIT_RETAIN_SELF = YES;
				CLANG_WARN_OBJC_LITERAL_CONVERSION = YES;
				CLANG_WARN_OBJC_ROOT_CLASS = YES_ERROR;
				CLANG_WARN_QUOTED_INCLUDE_IN_FRAMEWORK_HEADER = YES;
				CLANG_WARN_RANGE_LOOP_ANALYSIS = YES;
				CLANG_WARN_STRICT_PROTOTYPES = YES;
				CLANG_WARN_SUSPICIOUS_MOVE = YES;
				CLANG_WARN_UNGUARDED_AVAILABILITY = YES_AGGRESSIVE;
				CLANG_WARN_UNREACHABLE_CODE = YES;
				CLANG_WARN__DUPLICATE_METHOD_MATCH = YES;
				COPY_PHASE_STRIP = NO;
				DEBUG_INFORMATION_FORMAT = dwarf;
				ENABLE_STRICT_OBJC_MSGSEND = YES;
				ENABLE_TESTABILITY = YES;
				GCC_C_LANGUAGE_STANDARD = gnu11;
				GCC_DYNAMIC_NO_PIC = NO;
				GCC_NO_COMMON_BLOCKS = YES;
				GCC_OPTIMIZATION_LEVEL = 0;
				GCC_PREPROCESSOR_DEFINITIONS = (
					"DEBUG=1",
					"$(inherited)",
				);
				GCC_WARN_64_TO_32_BIT_CONVERSION = YES;
				GCC_WARN_ABOUT_RETURN_TYPE = YES_ERROR;
				GCC_WARN_UNDECLARED_SELECTOR = YES;
				GCC_WARN_UNINITIALIZED_AUTOS = YES_AGGRESSIVE;
				GCC_WARN_UNUSED_FUNCTION = YES;
				GCC_WARN_UNUSED_VARIABLE = YES;
				IPHONEOS_DEPLOYMENT_TARGET = 16.4;
				MTL_ENABLE_DEBUG_INFO = INCLUDE_SOURCE;
				MTL_FAST_MATH = YES;
				ONLY_ACTIVE_ARCH = YES;
				SDKROOT = iphoneos;
				SWIFT_ACTIVE_COMPILATION_CONDITIONS = DEBUG;
				SWIFT_OPTIMIZATION_LEVEL = "-Onone";
			};
			name = Debug;
		};
		62CA1A2F2AB903BA0084F98C /* Release */ = {
			isa = XCBuildConfiguration;
			buildSettings = {
				ALWAYS_SEARCH_USER_PATHS = NO;
				CLANG_ANALYZER_NONNULL = YES;
				CLANG_ANALYZER_NUMBER_OBJECT_CONVERSION = YES_AGGRESSIVE;
				CLANG_CXX_LANGUAGE_STANDARD = "gnu++20";
				CLANG_ENABLE_MODULES = YES;
				CLANG_ENABLE_OBJC_ARC = YES;
				CLANG_ENABLE_OBJC_WEAK = YES;
				CLANG_WARN_BLOCK_CAPTURE_AUTORELEASING = YES;
				CLANG_WARN_BOOL_CONVERSION = YES;
				CLANG_WARN_COMMA = YES;
				CLANG_WARN_CONSTANT_CONVERSION = YES;
				CLANG_WARN_DEPRECATED_OBJC_IMPLEMENTATIONS = YES;
				CLANG_WARN_DIRECT_OBJC_ISA_USAGE = YES_ERROR;
				CLANG_WARN_DOCUMENTATION_COMMENTS = YES;
				CLANG_WARN_EMPTY_BODY = YES;
				CLANG_WARN_ENUM_CONVERSION = YES;
				CLANG_WARN_INFINITE_RECURSION = YES;
				CLANG_WARN_INT_CONVERSION = YES;
				CLANG_WARN_NON_LITERAL_NULL_CONVERSION = YES;
				CLANG_WARN_OBJC_IMPLICIT_RETAIN_SELF = YES;
				CLANG_WARN_OBJC_LITERAL_CONVERSION = YES;
				CLANG_WARN_OBJC_ROOT_CLASS = YES_ERROR;
				CLANG_WARN_QUOTED_INCLUDE_IN_FRAMEWORK_HEADER = YES;
				CLANG_WARN_RANGE_LOOP_ANALYSIS = YES;
				CLANG_WARN_STRICT_PROTOTYPES = YES;
				CLANG_WARN_SUSPICIOUS_MOVE = YES;
				CLANG_WARN_UNGUARDED_AVAILABILITY = YES_AGGRESSIVE;
				CLANG_WARN_UNREACHABLE_CODE = YES;
				CLANG_WARN__DUPLICATE_METHOD_MATCH = YES;
				COPY_PHASE_STRIP = NO;
				DEBUG_INFORMATION_FORMAT = "dwarf-with-dsym";
				ENABLE_NS_ASSERTIONS = NO;
				ENABLE_STRICT_OBJC_MSGSEND = YES;
				GCC_C_LANGUAGE_STANDARD = gnu11;
				GCC_NO_COMMON_BLOCKS = YES;
				GCC_WARN_64_TO_32_BIT_CONVERSION = YES;
				GCC_WARN_ABOUT_RETURN_TYPE = YES_ERROR;
				GCC_WARN_UNDECLARED_SELECTOR = YES;
				GCC_WARN_UNINITIALIZED_AUTOS = YES_AGGRESSIVE;
				GCC_WARN_UNUSED_FUNCTION = YES;
				GCC_WARN_UNUSED_VARIABLE = YES;
				IPHONEOS_DEPLOYMENT_TARGET = 16.4;
				MTL_ENABLE_DEBUG_INFO = NO;
				MTL_FAST_MATH = YES;
				SDKROOT = iphoneos;
				SWIFT_COMPILATION_MODE = wholemodule;
				SWIFT_OPTIMIZATION_LEVEL = "-O";
				VALIDATE_PRODUCT = YES;
			};
			name = Release;
		};
		62CA1A312AB903BA0084F98C /* Debug */ = {
			isa = XCBuildConfiguration;
			buildSettings = {
				ASSETCATALOG_COMPILER_APPICON_NAME = AppIcon;
				ASSETCATALOG_COMPILER_GLOBAL_ACCENT_COLOR_NAME = AccentColor;
				CODE_SIGN_STYLE = Automatic;
				CURRENT_PROJECT_VERSION = 1;
				DEVELOPMENT_ASSET_PATHS = "\"ARAM-Stats/Preview Content\"";
				ENABLE_PREVIEWS = YES;
				GENERATE_INFOPLIST_FILE = YES;
				INFOPLIST_KEY_UIApplicationSceneManifest_Generation = YES;
				INFOPLIST_KEY_UIApplicationSupportsIndirectInputEvents = YES;
				INFOPLIST_KEY_UILaunchScreen_Generation = YES;
				INFOPLIST_KEY_UISupportedInterfaceOrientations_iPad = "UIInterfaceOrientationPortrait UIInterfaceOrientationPortraitUpsideDown UIInterfaceOrientationLandscapeLeft UIInterfaceOrientationLandscapeRight";
				INFOPLIST_KEY_UISupportedInterfaceOrientations_iPhone = "UIInterfaceOrientationPortrait UIInterfaceOrientationLandscapeLeft UIInterfaceOrientationLandscapeRight";
				LD_RUNPATH_SEARCH_PATHS = (
					"$(inherited)",
					"@executable_path/Frameworks",
				);
				MARKETING_VERSION = 1.0;
				PRODUCT_BUNDLE_IDENTIFIER = "com.andrewmo.ARAM-Stats";
				PRODUCT_NAME = "$(TARGET_NAME)";
				SWIFT_EMIT_LOC_STRINGS = YES;
				SWIFT_VERSION = 5.0;
				TARGETED_DEVICE_FAMILY = "1,2";
			};
			name = Debug;
		};
		62CA1A322AB903BA0084F98C /* Release */ = {
			isa = XCBuildConfiguration;
			buildSettings = {
				ASSETCATALOG_COMPILER_APPICON_NAME = AppIcon;
				ASSETCATALOG_COMPILER_GLOBAL_ACCENT_COLOR_NAME = AccentColor;
				CODE_SIGN_STYLE = Automatic;
				CURRENT_PROJECT_VERSION = 1;
				DEVELOPMENT_ASSET_PATHS = "\"ARAM-Stats/Preview Content\"";
				ENABLE_PREVIEWS = YES;
				GENERATE_INFOPLIST_FILE = YES;
				INFOPLIST_KEY_UIApplicationSceneManifest_Generation = YES;
				INFOPLIST_KEY_UIApplicationSupportsIndirectInputEvents = YES;
				INFOPLIST_KEY_UILaunchScreen_Generation = YES;
				INFOPLIST_KEY_UISupportedInterfaceOrientations_iPad = "UIInterfaceOrientationPortrait UIInterfaceOrientationPortraitUpsideDown UIInterfaceOrientationLandscapeLeft UIInterfaceOrientationLandscapeRight";
				INFOPLIST_KEY_UISupportedInterfaceOrientations_iPhone = "UIInterfaceOrientationPortrait UIInterfaceOrientationLandscapeLeft UIInterfaceOrientationLandscapeRight";
				LD_RUNPATH_SEARCH_PATHS = (
					"$(inherited)",
					"@executable_path/Frameworks",
				);
				MARKETING_VERSION = 1.0;
				PRODUCT_BUNDLE_IDENTIFIER = "com.andrewmo.ARAM-Stats";
				PRODUCT_NAME = "$(TARGET_NAME)";
				SWIFT_EMIT_LOC_STRINGS = YES;
				SWIFT_VERSION = 5.0;
				TARGETED_DEVICE_FAMILY = "1,2";
			};
			name = Release;
		};
		62CA1A342AB903BA0084F98C /* Debug */ = {
			isa = XCBuildConfiguration;
			buildSettings = {
				ALWAYS_EMBED_SWIFT_STANDARD_LIBRARIES = YES;
				BUNDLE_LOADER = "$(TEST_HOST)";
				CODE_SIGN_STYLE = Automatic;
				CURRENT_PROJECT_VERSION = 1;
				GENERATE_INFOPLIST_FILE = YES;
				IPHONEOS_DEPLOYMENT_TARGET = 16.4;
				MARKETING_VERSION = 1.0;
				PRODUCT_BUNDLE_IDENTIFIER = "com.andrewmo.ARAM-StatsTests";
				PRODUCT_NAME = "$(TARGET_NAME)";
				SWIFT_EMIT_LOC_STRINGS = NO;
				SWIFT_VERSION = 5.0;
				TARGETED_DEVICE_FAMILY = "1,2";
				TEST_HOST = "$(BUILT_PRODUCTS_DIR)/ARAM-Stats.app/$(BUNDLE_EXECUTABLE_FOLDER_PATH)/ARAM-Stats";
			};
			name = Debug;
		};
		62CA1A352AB903BA0084F98C /* Release */ = {
			isa = XCBuildConfiguration;
			buildSettings = {
				ALWAYS_EMBED_SWIFT_STANDARD_LIBRARIES = YES;
				BUNDLE_LOADER = "$(TEST_HOST)";
				CODE_SIGN_STYLE = Automatic;
				CURRENT_PROJECT_VERSION = 1;
				GENERATE_INFOPLIST_FILE = YES;
				IPHONEOS_DEPLOYMENT_TARGET = 16.4;
				MARKETING_VERSION = 1.0;
				PRODUCT_BUNDLE_IDENTIFIER = "com.andrewmo.ARAM-StatsTests";
				PRODUCT_NAME = "$(TARGET_NAME)";
				SWIFT_EMIT_LOC_STRINGS = NO;
				SWIFT_VERSION = 5.0;
				TARGETED_DEVICE_FAMILY = "1,2";
				TEST_HOST = "$(BUILT_PRODUCTS_DIR)/ARAM-Stats.app/$(BUNDLE_EXECUTABLE_FOLDER_PATH)/ARAM-Stats";
			};
			name = Release;
		};
		62CA1A372AB903BA0084F98C /* Debug */ = {
			isa = XCBuildConfiguration;
			buildSettings = {
				ALWAYS_EMBED_SWIFT_STANDARD_LIBRARIES = YES;
				CODE_SIGN_STYLE = Automatic;
				CURRENT_PROJECT_VERSION = 1;
				GENERATE_INFOPLIST_FILE = YES;
				MARKETING_VERSION = 1.0;
				PRODUCT_BUNDLE_IDENTIFIER = "com.andrewmo.ARAM-StatsUITests";
				PRODUCT_NAME = "$(TARGET_NAME)";
				SWIFT_EMIT_LOC_STRINGS = NO;
				SWIFT_VERSION = 5.0;
				TARGETED_DEVICE_FAMILY = "1,2";
				TEST_TARGET_NAME = "ARAM-Stats";
			};
			name = Debug;
		};
		62CA1A382AB903BA0084F98C /* Release */ = {
			isa = XCBuildConfiguration;
			buildSettings = {
				ALWAYS_EMBED_SWIFT_STANDARD_LIBRARIES = YES;
				CODE_SIGN_STYLE = Automatic;
				CURRENT_PROJECT_VERSION = 1;
				GENERATE_INFOPLIST_FILE = YES;
				MARKETING_VERSION = 1.0;
				PRODUCT_BUNDLE_IDENTIFIER = "com.andrewmo.ARAM-StatsUITests";
				PRODUCT_NAME = "$(TARGET_NAME)";
				SWIFT_EMIT_LOC_STRINGS = NO;
				SWIFT_VERSION = 5.0;
				TARGETED_DEVICE_FAMILY = "1,2";
				TEST_TARGET_NAME = "ARAM-Stats";
			};
			name = Release;
		};
/* End XCBuildConfiguration section */

/* Begin XCConfigurationList section */
		62CA1A022AB903B70084F98C /* Build configuration list for PBXProject "ARAM-Stats" */ = {
			isa = XCConfigurationList;
			buildConfigurations = (
				62CA1A2E2AB903BA0084F98C /* Debug */,
				62CA1A2F2AB903BA0084F98C /* Release */,
			);
			defaultConfigurationIsVisible = 0;
			defaultConfigurationName = Release;
		};
		62CA1A302AB903BA0084F98C /* Build configuration list for PBXNativeTarget "ARAM-Stats" */ = {
			isa = XCConfigurationList;
			buildConfigurations = (
				62CA1A312AB903BA0084F98C /* Debug */,
				62CA1A322AB903BA0084F98C /* Release */,
			);
			defaultConfigurationIsVisible = 0;
			defaultConfigurationName = Release;
		};
		62CA1A332AB903BA0084F98C /* Build configuration list for PBXNativeTarget "ARAM-StatsTests" */ = {
			isa = XCConfigurationList;
			buildConfigurations = (
				62CA1A342AB903BA0084F98C /* Debug */,
				62CA1A352AB903BA0084F98C /* Release */,
			);
			defaultConfigurationIsVisible = 0;
			defaultConfigurationName = Release;
		};
		62CA1A362AB903BA0084F98C /* Build configuration list for PBXNativeTarget "ARAM-StatsUITests" */ = {
			isa = XCConfigurationList;
			buildConfigurations = (
				62CA1A372AB903BA0084F98C /* Debug */,
				62CA1A382AB903BA0084F98C /* Release */,
			);
			defaultConfigurationIsVisible = 0;
			defaultConfigurationName = Release;
		};
/* End XCConfigurationList section */

/* Begin XCVersionGroup section */
		62CA1A152AB903BA0084F98C /* ARAM_Stats.xcdatamodeld */ = {
			isa = XCVersionGroup;
			children = (
				62CA1A162AB903BA0084F98C /* ARAM_Stats.xcdatamodel */,
			);
			currentVersion = 62CA1A162AB903BA0084F98C /* ARAM_Stats.xcdatamodel */;
			path = ARAM_Stats.xcdatamodeld;
			sourceTree = "<group>";
			versionGroupType = wrapper.xcdatamodel;
		};
/* End XCVersionGroup section */
	};
	rootObject = 62CA19FF2AB903B70084F98C /* Project object */;
}
